// !$*UTF8*$!
{
	archiveVersion = 1;
	classes = {
	};
	objectVersion = 55;
	objects = {

/* Begin PBXBuildFile section */
		4D142B2927A83D6C003E9620 /* SwiftUISampleApp.swift in Sources */ = {isa = PBXBuildFile; fileRef = 4D142B2827A83D6C003E9620 /* SwiftUISampleApp.swift */; };
		4D142B2B27A83D6C003E9620 /* LandmarkDetail.swift in Sources */ = {isa = PBXBuildFile; fileRef = 4D142B2A27A83D6C003E9620 /* LandmarkDetail.swift */; };
		4D142B2D27A83D6F003E9620 /* Assets.xcassets in Resources */ = {isa = PBXBuildFile; fileRef = 4D142B2C27A83D6F003E9620 /* Assets.xcassets */; };
		4D142B3027A83D6F003E9620 /* Preview Assets.xcassets in Resources */ = {isa = PBXBuildFile; fileRef = 4D142B2F27A83D6F003E9620 /* Preview Assets.xcassets */; };
		4D142B4527A83E21003E9620 /* charleyrivers.jpg in Resources */ = {isa = PBXBuildFile; fileRef = 4D142B3727A83E21003E9620 /* charleyrivers.jpg */; };
		4D142B4627A83E21003E9620 /* turtlerock.jpg in Resources */ = {isa = PBXBuildFile; fileRef = 4D142B3827A83E21003E9620 /* turtlerock.jpg */; };
		4D142B4727A83E21003E9620 /* silversalmoncreek.jpg in Resources */ = {isa = PBXBuildFile; fileRef = 4D142B3927A83E21003E9620 /* silversalmoncreek.jpg */; };
		4D142B4827A83E21003E9620 /* hikeData.json in Resources */ = {isa = PBXBuildFile; fileRef = 4D142B3A27A83E21003E9620 /* hikeData.json */; };
		4D142B4927A83E21003E9620 /* icybay.jpg in Resources */ = {isa = PBXBuildFile; fileRef = 4D142B3B27A83E21003E9620 /* icybay.jpg */; };
		4D142B4A27A83E21003E9620 /* lakemcdonald.jpg in Resources */ = {isa = PBXBuildFile; fileRef = 4D142B3C27A83E21003E9620 /* lakemcdonald.jpg */; };
		4D142B4B27A83E21003E9620 /* hiddenlake.jpg in Resources */ = {isa = PBXBuildFile; fileRef = 4D142B3D27A83E21003E9620 /* hiddenlake.jpg */; };
		4D142B4C27A83E21003E9620 /* twinlake.jpg in Resources */ = {isa = PBXBuildFile; fileRef = 4D142B3E27A83E21003E9620 /* twinlake.jpg */; };
		4D142B4D27A83E21003E9620 /* umbagog.jpg in Resources */ = {isa = PBXBuildFile; fileRef = 4D142B3F27A83E21003E9620 /* umbagog.jpg */; };
		4D142B4E27A83E21003E9620 /* landmarkData.json in Resources */ = {isa = PBXBuildFile; fileRef = 4D142B4027A83E21003E9620 /* landmarkData.json */; };
		4D142B4F27A83E21003E9620 /* chincoteague.jpg in Resources */ = {isa = PBXBuildFile; fileRef = 4D142B4127A83E21003E9620 /* chincoteague.jpg */; };
		4D142B5027A83E21003E9620 /* stmarylake.jpg in Resources */ = {isa = PBXBuildFile; fileRef = 4D142B4227A83E21003E9620 /* stmarylake.jpg */; };
		4D142B5127A83E21003E9620 /* chilkoottrail.jpg in Resources */ = {isa = PBXBuildFile; fileRef = 4D142B4327A83E21003E9620 /* chilkoottrail.jpg */; };
		4D142B5227A83E21003E9620 /* rainbowlake.jpg in Resources */ = {isa = PBXBuildFile; fileRef = 4D142B4427A83E21003E9620 /* rainbowlake.jpg */; };
		4D142B5427A83E5A003E9620 /* CircleImage.swift in Sources */ = {isa = PBXBuildFile; fileRef = 4D142B5327A83E5A003E9620 /* CircleImage.swift */; };
		4D142B5627A83FC6003E9620 /* MapView.swift in Sources */ = {isa = PBXBuildFile; fileRef = 4D142B5527A83FC6003E9620 /* MapView.swift */; };
		4D142B5927A84541003E9620 /* Landmark.swift in Sources */ = {isa = PBXBuildFile; fileRef = 4D142B5827A84541003E9620 /* Landmark.swift */; };
		4D142B5B27A849D4003E9620 /* Data.swift in Sources */ = {isa = PBXBuildFile; fileRef = 4D142B5A27A849D4003E9620 /* Data.swift */; };
		4D142B5F27A84B50003E9620 /* LandmarkRow.swift in Sources */ = {isa = PBXBuildFile; fileRef = 4D142B5E27A84B50003E9620 /* LandmarkRow.swift */; };
		4D142B6127A84ED3003E9620 /* LandmarkList.swift in Sources */ = {isa = PBXBuildFile; fileRef = 4D142B6027A84ED3003E9620 /* LandmarkList.swift */; };
/* End PBXBuildFile section */

/* Begin PBXFileReference section */
		4D142B2527A83D6C003E9620 /* SwiftUISample.app */ = {isa = PBXFileReference; explicitFileType = wrapper.application; includeInIndex = 0; path = SwiftUISample.app; sourceTree = BUILT_PRODUCTS_DIR; };
		4D142B2827A83D6C003E9620 /* SwiftUISampleApp.swift */ = {isa = PBXFileReference; lastKnownFileType = sourcecode.swift; path = SwiftUISampleApp.swift; sourceTree = "<group>"; };
		4D142B2A27A83D6C003E9620 /* LandmarkDetail.swift */ = {isa = PBXFileReference; lastKnownFileType = sourcecode.swift; path = LandmarkDetail.swift; sourceTree = "<group>"; };
		4D142B2C27A83D6F003E9620 /* Assets.xcassets */ = {isa = PBXFileReference; lastKnownFileType = folder.assetcatalog; path = Assets.xcassets; sourceTree = "<group>"; };
		4D142B2F27A83D6F003E9620 /* Preview Assets.xcassets */ = {isa = PBXFileReference; lastKnownFileType = folder.assetcatalog; path = "Preview Assets.xcassets"; sourceTree = "<group>"; };
		4D142B3727A83E21003E9620 /* charleyrivers.jpg */ = {isa = PBXFileReference; lastKnownFileType = image.jpeg; path = charleyrivers.jpg; sourceTree = "<group>"; };
		4D142B3827A83E21003E9620 /* turtlerock.jpg */ = {isa = PBXFileReference; lastKnownFileType = image.jpeg; path = turtlerock.jpg; sourceTree = "<group>"; };
		4D142B3927A83E21003E9620 /* silversalmoncreek.jpg */ = {isa = PBXFileReference; lastKnownFileType = image.jpeg; path = silversalmoncreek.jpg; sourceTree = "<group>"; };
		4D142B3A27A83E21003E9620 /* hikeData.json */ = {isa = PBXFileReference; fileEncoding = 4; lastKnownFileType = text.json; path = hikeData.json; sourceTree = "<group>"; };
		4D142B3B27A83E21003E9620 /* icybay.jpg */ = {isa = PBXFileReference; lastKnownFileType = image.jpeg; path = icybay.jpg; sourceTree = "<group>"; };
		4D142B3C27A83E21003E9620 /* lakemcdonald.jpg */ = {isa = PBXFileReference; lastKnownFileType = image.jpeg; path = lakemcdonald.jpg; sourceTree = "<group>"; };
		4D142B3D27A83E21003E9620 /* hiddenlake.jpg */ = {isa = PBXFileReference; lastKnownFileType = image.jpeg; path = hiddenlake.jpg; sourceTree = "<group>"; };
		4D142B3E27A83E21003E9620 /* twinlake.jpg */ = {isa = PBXFileReference; lastKnownFileType = image.jpeg; path = twinlake.jpg; sourceTree = "<group>"; };
		4D142B3F27A83E21003E9620 /* umbagog.jpg */ = {isa = PBXFileReference; lastKnownFileType = image.jpeg; path = umbagog.jpg; sourceTree = "<group>"; };
		4D142B4027A83E21003E9620 /* landmarkData.json */ = {isa = PBXFileReference; fileEncoding = 4; lastKnownFileType = text.json; path = landmarkData.json; sourceTree = "<group>"; };
		4D142B4127A83E21003E9620 /* chincoteague.jpg */ = {isa = PBXFileReference; lastKnownFileType = image.jpeg; path = chincoteague.jpg; sourceTree = "<group>"; };
		4D142B4227A83E21003E9620 /* stmarylake.jpg */ = {isa = PBXFileReference; lastKnownFileType = image.jpeg; path = stmarylake.jpg; sourceTree = "<group>"; };
		4D142B4327A83E21003E9620 /* chilkoottrail.jpg */ = {isa = PBXFileReference; lastKnownFileType = image.jpeg; path = chilkoottrail.jpg; sourceTree = "<group>"; };
		4D142B4427A83E21003E9620 /* rainbowlake.jpg */ = {isa = PBXFileReference; lastKnownFileType = image.jpeg; path = rainbowlake.jpg; sourceTree = "<group>"; };
		4D142B5327A83E5A003E9620 /* CircleImage.swift */ = {isa = PBXFileReference; lastKnownFileType = sourcecode.swift; path = CircleImage.swift; sourceTree = "<group>"; };
		4D142B5527A83FC6003E9620 /* MapView.swift */ = {isa = PBXFileReference; lastKnownFileType = sourcecode.swift; path = MapView.swift; sourceTree = "<group>"; };
		4D142B5827A84541003E9620 /* Landmark.swift */ = {isa = PBXFileReference; lastKnownFileType = sourcecode.swift; path = Landmark.swift; sourceTree = "<group>"; };
		4D142B5A27A849D4003E9620 /* Data.swift */ = {isa = PBXFileReference; lastKnownFileType = sourcecode.swift; path = Data.swift; sourceTree = "<group>"; };
		4D142B5E27A84B50003E9620 /* LandmarkRow.swift */ = {isa = PBXFileReference; lastKnownFileType = sourcecode.swift; path = LandmarkRow.swift; sourceTree = "<group>"; };
		4D142B6027A84ED3003E9620 /* LandmarkList.swift */ = {isa = PBXFileReference; lastKnownFileType = sourcecode.swift; path = LandmarkList.swift; sourceTree = "<group>"; };
/* End PBXFileReference section */

/* Begin PBXFrameworksBuildPhase section */
		4D142B2227A83D6C003E9620 /* Frameworks */ = {
			isa = PBXFrameworksBuildPhase;
			buildActionMask = 2147483647;
			files = (
			);
			runOnlyForDeploymentPostprocessing = 0;
		};
/* End PBXFrameworksBuildPhase section */

/* Begin PBXGroup section */
		4D142B1C27A83D6C003E9620 = {
			isa = PBXGroup;
			children = (
				4D142B2727A83D6C003E9620 /* SwiftUISample */,
				4D142B2627A83D6C003E9620 /* Products */,
			);
			sourceTree = "<group>";
		};
		4D142B2627A83D6C003E9620 /* Products */ = {
			isa = PBXGroup;
			children = (
				4D142B2527A83D6C003E9620 /* SwiftUISample.app */,
			);
			name = Products;
			sourceTree = "<group>";
		};
		4D142B2727A83D6C003E9620 /* SwiftUISample */ = {
			isa = PBXGroup;
			children = (
				4D142B2827A83D6C003E9620 /* SwiftUISampleApp.swift */,
				4D142B2A27A83D6C003E9620 /* LandmarkDetail.swift */,
				4D142B5E27A84B50003E9620 /* LandmarkRow.swift */,
				4D142B6027A84ED3003E9620 /* LandmarkList.swift */,
				4D142B5727A844F7003E9620 /* Models */,
				4D142B3627A83E21003E9620 /* Resources */,
				4D142B2C27A83D6F003E9620 /* Assets.xcassets */,
				4D142B5327A83E5A003E9620 /* CircleImage.swift */,
				4D142B5527A83FC6003E9620 /* MapView.swift */,
				4D142B2E27A83D6F003E9620 /* Preview Content */,
			);
			path = SwiftUISample;
			sourceTree = "<group>";
		};
		4D142B2E27A83D6F003E9620 /* Preview Content */ = {
			isa = PBXGroup;
			children = (
				4D142B2F27A83D6F003E9620 /* Preview Assets.xcassets */,
			);
			path = "Preview Content";
			sourceTree = "<group>";
		};
		4D142B3627A83E21003E9620 /* Resources */ = {
			isa = PBXGroup;
			children = (
				4D142B3727A83E21003E9620 /* charleyrivers.jpg */,
				4D142B3827A83E21003E9620 /* turtlerock.jpg */,
				4D142B3927A83E21003E9620 /* silversalmoncreek.jpg */,
				4D142B3A27A83E21003E9620 /* hikeData.json */,
				4D142B3B27A83E21003E9620 /* icybay.jpg */,
				4D142B3C27A83E21003E9620 /* lakemcdonald.jpg */,
				4D142B3D27A83E21003E9620 /* hiddenlake.jpg */,
				4D142B3E27A83E21003E9620 /* twinlake.jpg */,
				4D142B3F27A83E21003E9620 /* umbagog.jpg */,
				4D142B4027A83E21003E9620 /* landmarkData.json */,
				4D142B4127A83E21003E9620 /* chincoteague.jpg */,
				4D142B4227A83E21003E9620 /* stmarylake.jpg */,
				4D142B4327A83E21003E9620 /* chilkoottrail.jpg */,
				4D142B4427A83E21003E9620 /* rainbowlake.jpg */,
			);
			path = Resources;
			sourceTree = "<group>";
		};
		4D142B5727A844F7003E9620 /* Models */ = {
			isa = PBXGroup;
			children = (
				4D142B5827A84541003E9620 /* Landmark.swift */,
				4D142B5A27A849D4003E9620 /* Data.swift */,
			);
			path = Models;
			sourceTree = "<group>";
		};
/* End PBXGroup section */

/* Begin PBXNativeTarget section */
		4D142B2427A83D6C003E9620 /* SwiftUISample */ = {
			isa = PBXNativeTarget;
			buildConfigurationList = 4D142B3327A83D6F003E9620 /* Build configuration list for PBXNativeTarget "SwiftUISample" */;
			buildPhases = (
				4D142B2127A83D6C003E9620 /* Sources */,
				4D142B2227A83D6C003E9620 /* Frameworks */,
				4D142B2327A83D6C003E9620 /* Resources */,
			);
			buildRules = (
			);
			dependencies = (
			);
			name = SwiftUISample;
			productName = SwiftUISample;
			productReference = 4D142B2527A83D6C003E9620 /* SwiftUISample.app */;
			productType = "com.apple.product-type.application";
		};
/* End PBXNativeTarget section */

/* Begin PBXProject section */
		4D142B1D27A83D6C003E9620 /* Project object */ = {
			isa = PBXProject;
			attributes = {
				BuildIndependentTargetsInParallel = 1;
				LastSwiftUpdateCheck = 1320;
				LastUpgradeCheck = 1320;
				TargetAttributes = {
					4D142B2427A83D6C003E9620 = {
						CreatedOnToolsVersion = 13.2.1;
					};
				};
			};
			buildConfigurationList = 4D142B2027A83D6C003E9620 /* Build configuration list for PBXProject "SwiftUISample" */;
			compatibilityVersion = "Xcode 13.0";
			developmentRegion = en;
			hasScannedForEncodings = 0;
			knownRegions = (
				en,
				Base,
			);
			mainGroup = 4D142B1C27A83D6C003E9620;
			productRefGroup = 4D142B2627A83D6C003E9620 /* Products */;
			projectDirPath = "";
			projectRoot = "";
			targets = (
				4D142B2427A83D6C003E9620 /* SwiftUISample */,
			);
		};
/* End PBXProject section */

/* Begin PBXResourcesBuildPhase section */
		4D142B2327A83D6C003E9620 /* Resources */ = {
			isa = PBXResourcesBuildPhase;
			buildActionMask = 2147483647;
			files = (
				4D142B4727A83E21003E9620 /* silversalmoncreek.jpg in Resources */,
				4D142B4627A83E21003E9620 /* turtlerock.jpg in Resources */,
				4D142B4527A83E21003E9620 /* charleyrivers.jpg in Resources */,
				4D142B3027A83D6F003E9620 /* Preview Assets.xcassets in Resources */,
				4D142B4827A83E21003E9620 /* hikeData.json in Resources */,
				4D142B4F27A83E21003E9620 /* chincoteague.jpg in Resources */,
				4D142B5027A83E21003E9620 /* stmarylake.jpg in Resources */,
				4D142B4E27A83E21003E9620 /* landmarkData.json in Resources */,
				4D142B4927A83E21003E9620 /* icybay.jpg in Resources */,
				4D142B4C27A83E21003E9620 /* twinlake.jpg in Resources */,
				4D142B4A27A83E21003E9620 /* lakemcdonald.jpg in Resources */,
				4D142B4B27A83E21003E9620 /* hiddenlake.jpg in Resources */,
				4D142B4D27A83E21003E9620 /* umbagog.jpg in Resources */,
				4D142B5227A83E21003E9620 /* rainbowlake.jpg in Resources */,
				4D142B5127A83E21003E9620 /* chilkoottrail.jpg in Resources */,
				4D142B2D27A83D6F003E9620 /* Assets.xcassets in Resources */,
			);
			runOnlyForDeploymentPostprocessing = 0;
		};
/* End PBXResourcesBuildPhase section */

/* Begin PBXSourcesBuildPhase section */
		4D142B2127A83D6C003E9620 /* Sources */ = {
			isa = PBXSourcesBuildPhase;
			buildActionMask = 2147483647;
			files = (
				4D142B2B27A83D6C003E9620 /* LandmarkDetail.swift in Sources */,
				4D142B5B27A849D4003E9620 /* Data.swift in Sources */,
				4D142B5627A83FC6003E9620 /* MapView.swift in Sources */,
				4D142B6127A84ED3003E9620 /* LandmarkList.swift in Sources */,
				4D142B2927A83D6C003E9620 /* SwiftUISampleApp.swift in Sources */,
				4D142B5427A83E5A003E9620 /* CircleImage.swift in Sources */,
				4D142B5F27A84B50003E9620 /* LandmarkRow.swift in Sources */,
				4D142B5927A84541003E9620 /* Landmark.swift in Sources */,
			);
			runOnlyForDeploymentPostprocessing = 0;
		};
/* End PBXSourcesBuildPhase section */

/* Begin XCBuildConfiguration section */
		4D142B3127A83D6F003E9620 /* Debug */ = {
			isa = XCBuildConfiguration;
			buildSettings = {
				ALWAYS_SEARCH_USER_PATHS = NO;
				CLANG_ANALYZER_NONNULL = YES;
				CLANG_ANALYZER_NUMBER_OBJECT_CONVERSION = YES_AGGRESSIVE;
				CLANG_CXX_LANGUAGE_STANDARD = "gnu++17";
				CLANG_CXX_LIBRARY = "libc++";
				CLANG_ENABLE_MODULES = YES;
				CLANG_ENABLE_OBJC_ARC = YES;
				CLANG_ENABLE_OBJC_WEAK = YES;
				CLANG_WARN_BLOCK_CAPTURE_AUTORELEASING = YES;
				CLANG_WARN_BOOL_CONVERSION = YES;
				CLANG_WARN_COMMA = YES;
				CLANG_WARN_CONSTANT_CONVERSION = YES;
				CLANG_WARN_DEPRECATED_OBJC_IMPLEMENTATIONS = YES;
				CLANG_WARN_DIRECT_OBJC_ISA_USAGE = YES_ERROR;
				CLANG_WARN_DOCUMENTATION_COMMENTS = YES;
				CLANG_WARN_EMPTY_BODY = YES;
				CLANG_WARN_ENUM_CONVERSION = YES;
				CLANG_WARN_INFINITE_RECURSION = YES;
				CLANG_WARN_INT_CONVERSION = YES;
				CLANG_WARN_NON_LITERAL_NULL_CONVERSION = YES;
				CLANG_WARN_OBJC_IMPLICIT_RETAIN_SELF = YES;
				CLANG_WARN_OBJC_LITERAL_CONVERSION = YES;
				CLANG_WARN_OBJC_ROOT_CLASS = YES_ERROR;
				CLANG_WARN_QUOTED_INCLUDE_IN_FRAMEWORK_HEADER = YES;
				CLANG_WARN_RANGE_LOOP_ANALYSIS = YES;
				CLANG_WARN_STRICT_PROTOTYPES = YES;
				CLANG_WARN_SUSPICIOUS_MOVE = YES;
				CLANG_WARN_UNGUARDED_AVAILABILITY = YES_AGGRESSIVE;
				CLANG_WARN_UNREACHABLE_CODE = YES;
				CLANG_WARN__DUPLICATE_METHOD_MATCH = YES;
				COPY_PHASE_STRIP = NO;
				DEBUG_INFORMATION_FORMAT = dwarf;
				ENABLE_STRICT_OBJC_MSGSEND = YES;
				ENABLE_TESTABILITY = YES;
				GCC_C_LANGUAGE_STANDARD = gnu11;
				GCC_DYNAMIC_NO_PIC = NO;
				GCC_NO_COMMON_BLOCKS = YES;
				GCC_OPTIMIZATION_LEVEL = 0;
				GCC_PREPROCESSOR_DEFINITIONS = (
					"DEBUG=1",
					"$(inherited)",
				);
				GCC_WARN_64_TO_32_BIT_CONVERSION = YES;
				GCC_WARN_ABOUT_RETURN_TYPE = YES_ERROR;
				GCC_WARN_UNDECLARED_SELECTOR = YES;
				GCC_WARN_UNINITIALIZED_AUTOS = YES_AGGRESSIVE;
				GCC_WARN_UNUSED_FUNCTION = YES;
				GCC_WARN_UNUSED_VARIABLE = YES;
				IPHONEOS_DEPLOYMENT_TARGET = 15.2;
				MTL_ENABLE_DEBUG_INFO = INCLUDE_SOURCE;
				MTL_FAST_MATH = YES;
				ONLY_ACTIVE_ARCH = YES;
				SDKROOT = iphoneos;
				SWIFT_ACTIVE_COMPILATION_CONDITIONS = DEBUG;
				SWIFT_OPTIMIZATION_LEVEL = "-Onone";
			};
			name = Debug;
		};
		4D142B3227A83D6F003E9620 /* Release */ = {
			isa = XCBuildConfiguration;
			buildSettings = {
				ALWAYS_SEARCH_USER_PATHS = NO;
				CLANG_ANALYZER_NONNULL = YES;
				CLANG_ANALYZER_NUMBER_OBJECT_CONVERSION = YES_AGGRESSIVE;
				CLANG_CXX_LANGUAGE_STANDARD = "gnu++17";
				CLANG_CXX_LIBRARY = "libc++";
				CLANG_ENABLE_MODULES = YES;
				CLANG_ENABLE_OBJC_ARC = YES;
				CLANG_ENABLE_OBJC_WEAK = YES;
				CLANG_WARN_BLOCK_CAPTURE_AUTORELEASING = YES;
				CLANG_WARN_BOOL_CONVERSION = YES;
				CLANG_WARN_COMMA = YES;
				CLANG_WARN_CONSTANT_CONVERSION = YES;
				CLANG_WARN_DEPRECATED_OBJC_IMPLEMENTATIONS = YES;
				CLANG_WARN_DIRECT_OBJC_ISA_USAGE = YES_ERROR;
				CLANG_WARN_DOCUMENTATION_COMMENTS = YES;
				CLANG_WARN_EMPTY_BODY = YES;
				CLANG_WARN_ENUM_CONVERSION = YES;
				CLANG_WARN_INFINITE_RECURSION = YES;
				CLANG_WARN_INT_CONVERSION = YES;
				CLANG_WARN_NON_LITERAL_NULL_CONVERSION = YES;
				CLANG_WARN_OBJC_IMPLICIT_RETAIN_SELF = YES;
				CLANG_WARN_OBJC_LITERAL_CONVERSION = YES;
				CLANG_WARN_OBJC_ROOT_CLASS = YES_ERROR;
				CLANG_WARN_QUOTED_INCLUDE_IN_FRAMEWORK_HEADER = YES;
				CLANG_WARN_RANGE_LOOP_ANALYSIS = YES;
				CLANG_WARN_STRICT_PROTOTYPES = YES;
				CLANG_WARN_SUSPICIOUS_MOVE = YES;
				CLANG_WARN_UNGUARDED_AVAILABILITY = YES_AGGRESSIVE;
				CLANG_WARN_UNREACHABLE_CODE = YES;
				CLANG_WARN__DUPLICATE_METHOD_MATCH = YES;
				COPY_PHASE_STRIP = NO;
				DEBUG_INFORMATION_FORMAT = "dwarf-with-dsym";
				ENABLE_NS_ASSERTIONS = NO;
				ENABLE_STRICT_OBJC_MSGSEND = YES;
				GCC_C_LANGUAGE_STANDARD = gnu11;
				GCC_NO_COMMON_BLOCKS = YES;
				GCC_WARN_64_TO_32_BIT_CONVERSION = YES;
				GCC_WARN_ABOUT_RETURN_TYPE = YES_ERROR;
				GCC_WARN_UNDECLARED_SELECTOR = YES;
				GCC_WARN_UNINITIALIZED_AUTOS = YES_AGGRESSIVE;
				GCC_WARN_UNUSED_FUNCTION = YES;
				GCC_WARN_UNUSED_VARIABLE = YES;
				IPHONEOS_DEPLOYMENT_TARGET = 15.2;
				MTL_ENABLE_DEBUG_INFO = NO;
				MTL_FAST_MATH = YES;
				SDKROOT = iphoneos;
				SWIFT_COMPILATION_MODE = wholemodule;
				SWIFT_OPTIMIZATION_LEVEL = "-O";
				VALIDATE_PRODUCT = YES;
			};
			name = Release;
		};
		4D142B3427A83D6F003E9620 /* Debug */ = {
			isa = XCBuildConfiguration;
			buildSettings = {
				ASSETCATALOG_COMPILER_APPICON_NAME = AppIcon;
				ASSETCATALOG_COMPILER_GLOBAL_ACCENT_COLOR_NAME = AccentColor;
				CODE_SIGN_STYLE = Automatic;
				CURRENT_PROJECT_VERSION = 1;
				DEVELOPMENT_ASSET_PATHS = "\"SwiftUISample/Preview Content\"";
				ENABLE_PREVIEWS = YES;
				GENERATE_INFOPLIST_FILE = YES;
				INFOPLIST_KEY_UIApplicationSceneManifest_Generation = YES;
				INFOPLIST_KEY_UIApplicationSupportsIndirectInputEvents = YES;
				INFOPLIST_KEY_UILaunchScreen_Generation = YES;
				INFOPLIST_KEY_UISupportedInterfaceOrientations_iPad = "UIInterfaceOrientationPortrait UIInterfaceOrientationPortraitUpsideDown UIInterfaceOrientationLandscapeLeft UIInterfaceOrientationLandscapeRight";
				INFOPLIST_KEY_UISupportedInterfaceOrientations_iPhone = "UIInterfaceOrientationPortrait UIInterfaceOrientationLandscapeLeft UIInterfaceOrientationLandscapeRight";
				LD_RUNPATH_SEARCH_PATHS = (
					"$(inherited)",
					"@executable_path/Frameworks",
				);
				MARKETING_VERSION = 1.0;
				PRODUCT_BUNDLE_IDENTIFIER = com.gmail.fykygtr.SwiftUISample;
				PRODUCT_NAME = "$(TARGET_NAME)";
				SWIFT_EMIT_LOC_STRINGS = YES;
				SWIFT_VERSION = 5.0;
				TARGETED_DEVICE_FAMILY = "1,2";
			};
			name = Debug;
		};
		4D142B3527A83D6F003E9620 /* Release */ = {
			isa = XCBuildConfiguration;
			buildSettings = {
				ASSETCATALOG_COMPILER_APPICON_NAME = AppIcon;
				ASSETCATALOG_COMPILER_GLOBAL_ACCENT_COLOR_NAME = AccentColor;
				CODE_SIGN_STYLE = Automatic;
				CURRENT_PROJECT_VERSION = 1;
				DEVELOPMENT_ASSET_PATHS = "\"SwiftUISample/Preview Content\"";
				ENABLE_PREVIEWS = YES;
				GENERATE_INFOPLIST_FILE = YES;
				INFOPLIST_KEY_UIApplicationSceneManifest_Generation = YES;
				INFOPLIST_KEY_UIApplicationSupportsIndirectInputEvents = YES;
				INFOPLIST_KEY_UILaunchScreen_Generation = YES;
				INFOPLIST_KEY_UISupportedInterfaceOrientations_iPad = "UIInterfaceOrientationPortrait UIInterfaceOrientationPortraitUpsideDown UIInterfaceOrientationLandscapeLeft UIInterfaceOrientationLandscapeRight";
				INFOPLIST_KEY_UISupportedInterfaceOrientations_iPhone = "UIInterfaceOrientationPortrait UIInterfaceOrientationLandscapeLeft UIInterfaceOrientationLandscapeRight";
				LD_RUNPATH_SEARCH_PATHS = (
					"$(inherited)",
					"@executable_path/Frameworks",
				);
				MARKETING_VERSION = 1.0;
				PRODUCT_BUNDLE_IDENTIFIER = com.gmail.fykygtr.SwiftUISample;
				PRODUCT_NAME = "$(TARGET_NAME)";
				SWIFT_EMIT_LOC_STRINGS = YES;
				SWIFT_VERSION = 5.0;
				TARGETED_DEVICE_FAMILY = "1,2";
			};
			name = Release;
		};
/* End XCBuildConfiguration section */

/* Begin XCConfigurationList section */
		4D142B2027A83D6C003E9620 /* Build configuration list for PBXProject "SwiftUISample" */ = {
			isa = XCConfigurationList;
			buildConfigurations = (
				4D142B3127A83D6F003E9620 /* Debug */,
				4D142B3227A83D6F003E9620 /* Release */,
			);
			defaultConfigurationIsVisible = 0;
			defaultConfigurationName = Release;
		};
		4D142B3327A83D6F003E9620 /* Build configuration list for PBXNativeTarget "SwiftUISample" */ = {
			isa = XCConfigurationList;
			buildConfigurations = (
				4D142B3427A83D6F003E9620 /* Debug */,
				4D142B3527A83D6F003E9620 /* Release */,
			);
			defaultConfigurationIsVisible = 0;
			defaultConfigurationName = Release;
		};
/* End XCConfigurationList section */
	};
	rootObject = 4D142B1D27A83D6C003E9620 /* Project object */;
}
